
Microsoft Visual Studio Solution File, Format Version 12.00
# Visual Studio Version 16
VisualStudioVersion = 16.0.32929.386
MinimumVisualStudioVersion = 10.0.40219.1
Project("{8BC9CEB8-8B4A-11D0-8D11-00A0C91BC942}") = "directX", "directX.vcxproj", "{082C6964-4F73-4410-963C-C9C9D9C7D042}"
EndProject
Global
	GlobalSection(SolutionConfigurationPlatforms) = preSolution
		Debug|x64 = Debug|x64
		Debug|x86 = Debug|x86
		Release|x64 = Release|x64
		Release|x86 = Release|x86
	EndGlobalSection
	GlobalSection(ProjectConfigurationPlatforms) = postSolution
		{082C6964-4F73-4410-963C-C9C9D9C7D042}.Debug|x64.ActiveCfg = Debug|x64
		{082C6964-4F73-4410-963C-C9C9D9C7D042}.Debug|x64.Build.0 = Debug|x64
		{082C6964-4F73-4410-963C-C9C9D9C7D042}.Debug|x86.ActiveCfg = Debug|Win32
		{082C6964-4F73-4410-963C-C9C9D9C7D042}.Debug|x86.Build.0 = Debug|Win32
		{082C6964-4F73-4410-963C-C9C9D9C7D042}.Release|x64.ActiveCfg = Release|x64
		{082C6964-4F73-4410-963C-C9C9D9C7D042}.Release|x64.Build.0 = Release|x64
		{082C6964-4F73-4410-963C-C9C9D9C7D042}.Release|x86.ActiveCfg = Release|Win32
		{082C6964-4F73-4410-963C-C9C9D9C7D042}.Release|x86.Build.0 = Release|Win32
	EndGlobalSection
	GlobalSection(SolutionProperties) = preSolution
		HideSolutionNode = FALSE
	EndGlobalSection
	GlobalSection(ExtensibilityGlobals) = postSolution
		SolutionGuid = {51049EB6-43C6-4312-919A-06F09DB16994}
	EndGlobalSection
EndGlobal
