<?xml version="1.0" encoding="utf-8"?>
<Project ToolsVersion="4.0" xmlns="http://schemas.microsoft.com/developer/msbuild/2003">
  <ItemGroup>
    <Filter Include="ソース ファイル">
      <UniqueIdentifier>{4FC737F1-C7A5-4376-A066-2A32D752A2FF}</UniqueIdentifier>
      <Extensions>cpp;c;cc;cxx;c++;cppm;ixx;def;odl;idl;hpj;bat;asm;asmx</Extensions>
    </Filter>
    <Filter Include="ヘッダー ファイル">
      <UniqueIdentifier>{93995380-89BD-4b04-88EB-625FBE52EBFB}</UniqueIdentifier>
      <Extensions>h;hh;hpp;hxx;h++;hm;inl;inc;ipp;xsd</Extensions>
    </Filter>
    <Filter Include="リソース ファイル">
      <UniqueIdentifier>{67DA6AB6-F800-4c08-8B7A-83BB121AAD01}</UniqueIdentifier>
      <Extensions>rc;ico;cur;bmp;dlg;rc2;rct;bin;rgs;gif;jpg;jpeg;jpe;resx;tiff;tif;png;wav;mfcribbon-ms</Extensions>
    </Filter>
    <Filter Include="Source">
      <UniqueIdentifier>{7954b600-a487-4d50-a818-eb1c0c6563bf}</UniqueIdentifier>
    </Filter>
    <Filter Include="Source\DirectX">
      <UniqueIdentifier>{e65c71d4-1730-4443-b541-7cfab5ad1e34}</UniqueIdentifier>
    </Filter>
    <Filter Include="Source\Game">
      <UniqueIdentifier>{4e15315c-5a95-48b6-b2ce-1d2cabd0be65}</UniqueIdentifier>
    </Filter>
    <Filter Include="Source\FrameRateManager">
      <UniqueIdentifier>{80eda221-73cc-455a-9591-17d0ce9cbc62}</UniqueIdentifier>
    </Filter>
    <Filter Include="Source\Game\EnvironmentObjects">
      <UniqueIdentifier>{ca95d957-d989-4065-81a9-fab0c620b1f4}</UniqueIdentifier>
    </Filter>
    <Filter Include="Source\OriginalMath">
      <UniqueIdentifier>{1089978b-b79b-43d9-97fd-28e7e8215312}</UniqueIdentifier>
    </Filter>
    <Filter Include="Source\Game\Camera">
      <UniqueIdentifier>{2117db3a-6044-43bc-9536-e33372ffcf64}</UniqueIdentifier>
    </Filter>
    <Filter Include="Source\Game\Light">
      <UniqueIdentifier>{1d35675c-0654-4b49-9c63-4ef4917f2ea8}</UniqueIdentifier>
    </Filter>
    <Filter Include="Source\Game\Object">
      <UniqueIdentifier>{f27ab51b-0c74-4991-9640-0ae7c6c4887c}</UniqueIdentifier>
    </Filter>
    <Filter Include="Source\Input">
      <UniqueIdentifier>{970d3351-c689-4f73-b2a9-9c2a85443b71}</UniqueIdentifier>
    </Filter>
    <Filter Include="Source\Game\Character">
      <UniqueIdentifier>{81467dc1-2999-4ce4-ac63-0e655097ec48}</UniqueIdentifier>
    </Filter>
    <Filter Include="Source\Game\Character\Player">
      <UniqueIdentifier>{5175c1d7-6b69-4a49-bf18-0dcd2677fd28}</UniqueIdentifier>
    </Filter>
  </ItemGroup>
  <ItemGroup>
    <ClInclude Include="framework.h">
      <Filter>ヘッダー ファイル</Filter>
    </ClInclude>
    <ClInclude Include="targetver.h">
      <Filter>ヘッダー ファイル</Filter>
    </ClInclude>
    <ClInclude Include="Resource.h">
      <Filter>ヘッダー ファイル</Filter>
    </ClInclude>
    <ClInclude Include="directX.h">
      <Filter>ヘッダー ファイル</Filter>
    </ClInclude>
    <ClInclude Include="Source\DirectX\Direct3D.h">
      <Filter>Source\DirectX</Filter>
    </ClInclude>
    <ClInclude Include="Source\Game\GameSystem.h">
      <Filter>Source\Game</Filter>
    </ClInclude>
    <ClInclude Include="Source\Game\Object\Cube.h">
      <Filter>Source\Game\Object</Filter>
    </ClInclude>
    <ClInclude Include="Source\environment.h">
      <Filter>Source</Filter>
    </ClInclude>
    <ClInclude Include="Source\FrameRateManager\frameRateManager.h">
      <Filter>Source\FrameRateManager</Filter>
    </ClInclude>
    <ClInclude Include="Source\Game\Object\Object.h">
      <Filter>Source\Game\Object</Filter>
    </ClInclude>
    <ClInclude Include="Source\Game\Object\RectAngle.h">
      <Filter>Source\Game\Object</Filter>
    </ClInclude>
    <ClInclude Include="Source\DirectX\XMFloatOperator.h">
      <Filter>Source\DirectX</Filter>
    </ClInclude>
    <ClInclude Include="Source\Game\Object\Line.h">
      <Filter>Source\Game\Object</Filter>
    </ClInclude>
    <ClInclude Include="Source\Game\EnvironmentObjects\GroundLines.h">
      <Filter>Source\Game\EnvironmentObjects</Filter>
    </ClInclude>
    <ClInclude Include="Source\OriginalMath\OriginalMath.h">
      <Filter>Source\OriginalMath</Filter>
    </ClInclude>
    <ClInclude Include="Source\Game\Camera\Camera.h">
      <Filter>Source\Game\Camera</Filter>
    </ClInclude>
    <ClInclude Include="Source\Game\Light\DirectionalLight.h">
      <Filter>Source\Game\Light</Filter>
    </ClInclude>
    <ClInclude Include="Source\DirectX\DirectInput.h">
      <Filter>Source\DirectX</Filter>
    </ClInclude>
    <ClInclude Include="Source\Input\Keyboard.h">
      <Filter>Source\Input</Filter>
    </ClInclude>
    <ClInclude Include="Source\Input\Mouse.h">
      <Filter>Source\Input</Filter>
    </ClInclude>
    <ClInclude Include="Source\Game\Character\Player\Player.h">
      <Filter>Source\Game\Character\Player</Filter>
    </ClInclude>
    <ClInclude Include="Source\Game\Object\Sphere.h">
      <Filter>Source\Game\Object</Filter>
    </ClInclude>
  </ItemGroup>
  <ItemGroup>
    <ClCompile Include="directX.cpp">
      <Filter>ソース ファイル</Filter>
    </ClCompile>
    <ClCompile Include="Source\DirectX\Direct3D.cpp">
      <Filter>Source\DirectX</Filter>
    </ClCompile>
    <ClCompile Include="Source\Game\GameSystem.cpp">
      <Filter>Source\Game</Filter>
    </ClCompile>
    <ClCompile Include="Source\Game\Object\Cube.cpp">
      <Filter>Source\Game\Object</Filter>
    </ClCompile>
    <ClCompile Include="Source\FrameRateManager\frameRateManager.cpp">
      <Filter>Source\FrameRateManager</Filter>
    </ClCompile>
    <ClCompile Include="Source\Game\Object\Object.cpp">
      <Filter>Source\Game\Object</Filter>
    </ClCompile>
    <ClCompile Include="Source\Game\Object\RectAngle.cpp">
      <Filter>Source\Game\Object</Filter>
    </ClCompile>
    <ClCompile Include="Source\DirectX\XMFloatOperator.cpp">
      <Filter>Source\DirectX</Filter>
    </ClCompile>
    <ClCompile Include="Source\Game\Object\Line.cpp">
      <Filter>Source\Game\Object</Filter>
    </ClCompile>
    <ClCompile Include="Source\Game\EnvironmentObjects\GroundLines.cpp">
      <Filter>Source\Game\EnvironmentObjects</Filter>
    </ClCompile>
    <ClCompile Include="Source\OriginalMath\OriginalMath.cpp">
      <Filter>Source\OriginalMath</Filter>
    </ClCompile>
    <ClCompile Include="Source\Game\Camera\Camera.cpp">
      <Filter>Source\Game\Camera</Filter>
    </ClCompile>
    <ClCompile Include="Source\Game\Light\DirectionalLight.cpp">
      <Filter>Source\Game\Light</Filter>
    </ClCompile>
    <ClCompile Include="Source\DirectX\DirectInput.cpp">
      <Filter>Source\DirectX</Filter>
    </ClCompile>
    <ClCompile Include="Source\Input\Keyboard.cpp">
      <Filter>Source\Input</Filter>
    </ClCompile>
    <ClCompile Include="Source\Input\Mouse.cpp">
      <Filter>Source\Input</Filter>
    </ClCompile>
    <ClCompile Include="Source\Game\Character\Player\Player.cpp">
      <Filter>Source\Game\Character\Player</Filter>
    </ClCompile>
    <ClCompile Include="Source\Game\Object\Sphere.cpp">
      <Filter>Source\Game\Object</Filter>
    </ClCompile>
  </ItemGroup>
  <ItemGroup>
    <ResourceCompile Include="directX.rc">
      <Filter>リソース ファイル</Filter>
    </ResourceCompile>
  </ItemGroup>
  <ItemGroup>
    <Image Include="small.ico">
      <Filter>リソース ファイル</Filter>
    </Image>
    <Image Include="directX.ico">
      <Filter>リソース ファイル</Filter>
    </Image>
  </ItemGroup>
</Project>